{
  "nodes": {
    "devshell": {
      "inputs": {
        "nixpkgs": [
          "nixpkgs"
        ]
      },
      "locked": {
        "lastModified": 1762521437,
        "narHash": "sha256-RXN+lcx4DEn3ZS+LqEJSUu/HH+dwGvy0syN7hTo/Chg=",
        "owner": "numtide",
        "repo": "devshell",
        "rev": "07bacc9531f5f4df6657c0a02a806443685f384a",
        "type": "github"
      },
      "original": {
        "owner": "numtide",
        "repo": "devshell",
        "type": "github"
      }
    },
    "files": {
      "locked": {
        "lastModified": 1762767848,
        "narHash": "sha256-trF2WXzH57uSkA1zeI8FTz8tU6vPYrklkTjh/7DZy/M=",
        "owner": "mightyiam",
        "repo": "files",
        "rev": "2d9d4937e94006ad8f165dfab9dff87cfab7eb2b",
        "type": "github"
      },
      "original": {
        "owner": "mightyiam",
        "repo": "files",
        "type": "github"
      }
    },
    "flake-parts": {
      "inputs": {
        "nixpkgs-lib": [
          "nixpkgs"
        ]
      },
      "locked": {
        "lastModified": 1763759067,
        "narHash": "sha256-LlLt2Jo/gMNYAwOgdRQBrsRoOz7BPRkzvNaI/fzXi2Q=",
        "owner": "hercules-ci",
        "repo": "flake-parts",
        "rev": "2cccadc7357c0ba201788ae99c4dfa90728ef5e0",
        "type": "github"
      },
      "original": {
        "owner": "hercules-ci",
        "repo": "flake-parts",
        "type": "github"
      }
    },
    "flake-root": {
      "locked": {
        "lastModified": 1723604017,
        "narHash": "sha256-rBtQ8gg+Dn4Sx/s+pvjdq3CB2wQNzx9XGFq/JVGCB6k=",
        "owner": "srid",
        "repo": "flake-root",
        "rev": "b759a56851e10cb13f6b8e5698af7b59c44be26e",
        "type": "github"
      },
      "original": {
        "owner": "srid",
        "repo": "flake-root",
        "type": "github"
      }
    },
    "flake-utils": {
      "inputs": {
        "systems": "systems"
      },
      "locked": {
        "lastModified": 1731533236,
        "narHash": "sha256-l0KFg5HjrsfsO/JpG+r7fRrqm12kzFHyUHqHCVpMMbI=",
        "owner": "numtide",
        "repo": "flake-utils",
        "rev": "11707dc2f618dd54ca8739b309ec4fc024de578b",
        "type": "github"
      },
      "original": {
        "owner": "numtide",
        "repo": "flake-utils",
        "type": "github"
      }
    },
    "fourmolu-nix": {
      "locked": {
        "lastModified": 1707266073,
        "narHash": "sha256-tCFzZQJicDdYjnuJiNK4hiiRAH7c2wQzMhOCdUMbVKE=",
        "owner": "jedimahdi",
        "repo": "fourmolu-nix",
        "rev": "717f5a91b0d7b97b1be7ecc3a0fd42d37ffe1c9b",
        "type": "github"
      },
      "original": {
        "owner": "jedimahdi",
        "repo": "fourmolu-nix",
        "type": "github"
      }
    },
    "github-actions-nix": {
      "inputs": {
        "flake-parts": [
          "flake-parts"
        ],
        "nixpkgs": [
          "nixpkgs"
        ]
      },
      "locked": {
        "lastModified": 1763847365,
        "narHash": "sha256-RVjSCZWzs1nn4k4jf3hj9lhoRKI8S2xc0xMXAz+gTQ8=",
        "owner": "synapdeck",
        "repo": "github-actions-nix",
        "rev": "e941d8dde765b1a860b757e68e814e73a4b1284c",
        "type": "github"
      },
      "original": {
        "owner": "synapdeck",
        "repo": "github-actions-nix",
        "type": "github"
      }
    },
    "haskell-flake": {
      "locked": {
        "lastModified": 1763392528,
        "narHash": "sha256-37+3FH27sizGB4sP6bj9aZSNYtwCkNNcAAqHNiUumCI=",
        "owner": "srid",
        "repo": "haskell-flake",
        "rev": "af3ce6314f39447be5960c242b3d09ae08b2d469",
        "type": "github"
      },
      "original": {
        "owner": "srid",
        "repo": "haskell-flake",
        "type": "github"
      }
    },
    "hk": {
      "inputs": {
        "flake-utils": "flake-utils",
        "nixpkgs": [
          "nixpkgs"
        ]
      },
      "locked": {
        "lastModified": 1763771242,
        "narHash": "sha256-kLAOplJ9MxEPvwBEyfWPy1yK3YQQZf8B9cEEBcIBxSM=",
        "ref": "refs/heads/main",
        "rev": "69e9188e98f5343179338e41186d506c90cace4b",
        "revCount": 919,
        "submodules": true,
        "type": "git",
        "url": "https://github.com/jdx/hk"
      },
      "original": {
        "submodules": true,
        "type": "git",
        "url": "https://github.com/jdx/hk"
      }
    },
    "nix-github-actions": {
      "inputs": {
        "nixpkgs": [
          "nix-unit",
          "nixpkgs"
        ]
      },
      "locked": {
        "lastModified": 1737420293,
        "narHash": "sha256-F1G5ifvqTpJq7fdkT34e/Jy9VCyzd5XfJ9TO8fHhJWE=",
        "owner": "nix-community",
        "repo": "nix-github-actions",
        "rev": "f4158fa080ef4503c8f4c820967d946c2af31ec9",
        "type": "github"
      },
      "original": {
        "owner": "nix-community",
        "repo": "nix-github-actions",
        "type": "github"
      }
    },
    "nix-unit": {
      "inputs": {
        "flake-parts": [
          "flake-parts"
        ],
        "nix-github-actions": "nix-github-actions",
        "nixpkgs": [
          "nixpkgs"
        ],
        "treefmt-nix": [
          "treefmt-nix"
        ]
      },
      "locked": {
        "lastModified": 1762774186,
        "narHash": "sha256-hRADkHjNt41+JUHw2EiSkMaL4owL83g5ZppjYUdF/Dc=",
        "owner": "nix-community",
        "repo": "nix-unit",
        "rev": "1c9ab50554eed0b768f9e5b6f646d63c9673f0f7",
        "type": "github"
      },
      "original": {
        "owner": "nix-community",
        "repo": "nix-unit",
        "type": "github"
      }
    },
    "nixpkgs": {
      "locked": {
        "lastModified": 1763618868,
        "narHash": "sha256-v5afmLjn/uyD9EQuPBn7nZuaZVV9r+JerayK/4wvdWA=",
        "owner": "nixos",
        "repo": "nixpkgs",
        "rev": "a8d610af3f1a5fb71e23e08434d8d61a466fc942",
        "type": "github"
      },
      "original": {
        "owner": "nixos",
        "ref": "nixpkgs-unstable",
        "repo": "nixpkgs",
        "type": "github"
      }
    },
    "root": {
      "inputs": {
        "devshell": "devshell",
        "files": "files",
        "flake-parts": "flake-parts",
        "flake-root": "flake-root",
        "fourmolu-nix": "fourmolu-nix",
        "github-actions-nix": "github-actions-nix",
        "haskell-flake": "haskell-flake",
        "hk": "hk",
        "nix-unit": "nix-unit",
        "nixpkgs": "nixpkgs",
        "treefmt-nix": "treefmt-nix"
      }
    },
    "systems": {
      "locked": {
        "lastModified": 1681028828,
        "narHash": "sha256-Vy1rq5AaRuLzOxct8nz4T6wlgyUR7zLU309k9mBC768=",
        "owner": "nix-systems",
        "repo": "default",
        "rev": "da67096a3b9bf56a91d16901293e51ba5b49a27e",
        "type": "github"
      },
      "original": {
        "owner": "nix-systems",
        "repo": "default",
        "type": "github"
      }
    },
    "treefmt-nix": {
      "inputs": {
        "nixpkgs": [
          "nixpkgs"
        ]
      },
      "locked": {
        "lastModified": 1762938485,
        "narHash": "sha256-AlEObg0syDl+Spi4LsZIBrjw+snSVU4T8MOeuZJUJjM=",
        "owner": "numtide",
        "repo": "treefmt-nix",
        "rev": "5b4ee75aeefd1e2d5a1cc43cf6ba65eba75e83e4",
        "type": "github"
      },
      "original": {
        "owner": "numtide",
        "repo": "treefmt-nix",
        "type": "github"
      }
    }
  },
  "root": "root",
  "version": 7
}
